
Microsoft Visual Studio Solution File, Format Version 12.00
# Visual Studio Version 17
VisualStudioVersion = 17.4.33110.190
MinimumVisualStudioVersion = 10.0.40219.1
Project("{FAE04EC0-301F-11D3-BF4B-00C04F79EFBC}") = "RawInputCS", "RawInputCS.csproj", "{4150721E-52C7-4BCC-8DEC-30E9E09C3DD9}"
EndProject
Project("{8BC9CEB8-8B4A-11D0-8D11-00A0C91BC942}") = "RawInput", "..\RawInput\RawInput.vcxproj", "{E698A6AD-9FB6-440D-9E9E-B69279C1FCFE}"
EndProject
Global
	GlobalSection(SolutionConfigurationPlatforms) = preSolution
		Debug|Any CPU = Debug|Any CPU
		Debug|x64 = Debug|x64
		Debug|x86 = Debug|x86
		Release|Any CPU = Release|Any CPU
		Release|x64 = Release|x64
		Release|x86 = Release|x86
	EndGlobalSection
	GlobalSection(ProjectConfigurationPlatforms) = postSolution
		{4150721E-52C7-4BCC-8DEC-30E9E09C3DD9}.Debug|Any CPU.ActiveCfg = Debug|Any CPU
		{4150721E-52C7-4BCC-8DEC-30E9E09C3DD9}.Debug|Any CPU.Build.0 = Debug|Any CPU
		{4150721E-52C7-4BCC-8DEC-30E9E09C3DD9}.Debug|x64.ActiveCfg = Debug|Any CPU
		{4150721E-52C7-4BCC-8DEC-30E9E09C3DD9}.Debug|x64.Build.0 = Debug|Any CPU
		{4150721E-52C7-4BCC-8DEC-30E9E09C3DD9}.Debug|x86.ActiveCfg = Debug|Any CPU
		{4150721E-52C7-4BCC-8DEC-30E9E09C3DD9}.Debug|x86.Build.0 = Debug|Any CPU
		{4150721E-52C7-4BCC-8DEC-30E9E09C3DD9}.Release|Any CPU.ActiveCfg = Release|Any CPU
		{4150721E-52C7-4BCC-8DEC-30E9E09C3DD9}.Release|Any CPU.Build.0 = Release|Any CPU
		{4150721E-52C7-4BCC-8DEC-30E9E09C3DD9}.Release|x64.ActiveCfg = Release|Any CPU
		{4150721E-52C7-4BCC-8DEC-30E9E09C3DD9}.Release|x64.Build.0 = Release|Any CPU
		{4150721E-52C7-4BCC-8DEC-30E9E09C3DD9}.Release|x86.ActiveCfg = Release|Any CPU
		{4150721E-52C7-4BCC-8DEC-30E9E09C3DD9}.Release|x86.Build.0 = Release|Any CPU
		{E698A6AD-9FB6-440D-9E9E-B69279C1FCFE}.Debug|Any CPU.ActiveCfg = Debug|x64
		{E698A6AD-9FB6-440D-9E9E-B69279C1FCFE}.Debug|Any CPU.Build.0 = Debug|x64
		{E698A6AD-9FB6-440D-9E9E-B69279C1FCFE}.Debug|x64.ActiveCfg = Debug|x64
		{E698A6AD-9FB6-440D-9E9E-B69279C1FCFE}.Debug|x64.Build.0 = Debug|x64
		{E698A6AD-9FB6-440D-9E9E-B69279C1FCFE}.Debug|x86.ActiveCfg = Debug|Win32
		{E698A6AD-9FB6-440D-9E9E-B69279C1FCFE}.Debug|x86.Build.0 = Debug|Win32
		{E698A6AD-9FB6-440D-9E9E-B69279C1FCFE}.Release|Any CPU.ActiveCfg = Release|x64
		{E698A6AD-9FB6-440D-9E9E-B69279C1FCFE}.Release|Any CPU.Build.0 = Release|x64
		{E698A6AD-9FB6-440D-9E9E-B69279C1FCFE}.Release|x64.ActiveCfg = Release|x64
		{E698A6AD-9FB6-440D-9E9E-B69279C1FCFE}.Release|x64.Build.0 = Release|x64
		{E698A6AD-9FB6-440D-9E9E-B69279C1FCFE}.Release|x86.ActiveCfg = Release|Win32
		{E698A6AD-9FB6-440D-9E9E-B69279C1FCFE}.Release|x86.Build.0 = Release|Win32
	EndGlobalSection
	GlobalSection(SolutionProperties) = preSolution
		HideSolutionNode = FALSE
	EndGlobalSection
	GlobalSection(ExtensibilityGlobals) = postSolution
		SolutionGuid = {60B97FFD-BA07-486F-8F76-D13AC6D9E3CD}
	EndGlobalSection
EndGlobal
